// !$*UTF8*$!
{
	archiveVersion = 1;
	classes = {
	};
	objectVersion = 48;
	objects = {

/* Begin PBXBuildFile section */
		000CEDD7203ACB3E00076471 /* LoginViewController.swift in Sources */ = {isa = PBXBuildFile; fileRef = 00DC6BB9203A7A6E002FA5E0 /* LoginViewController.swift */; };
		002AF56A203BC67E00F8FC86 /* SearchBarViewController.swift in Sources */ = {isa = PBXBuildFile; fileRef = 002AF569203BC67E00F8FC86 /* SearchBarViewController.swift */; };
		002AF56C203BC99600F8FC86 /* PictureCollectionViewCell.swift in Sources */ = {isa = PBXBuildFile; fileRef = 002AF56B203BC99600F8FC86 /* PictureCollectionViewCell.swift */; };
		002AF56E203BCE1500F8FC86 /* Image.swift in Sources */ = {isa = PBXBuildFile; fileRef = 002AF56D203BCE1500F8FC86 /* Image.swift */; };
		002AF570203BFB8800F8FC86 /* SearchTableViewCell.swift in Sources */ = {isa = PBXBuildFile; fileRef = 002AF56F203BFB8800F8FC86 /* SearchTableViewCell.swift */; };
		002AF572203C00F500F8FC86 /* User.swift in Sources */ = {isa = PBXBuildFile; fileRef = 002AF571203C00F500F8FC86 /* User.swift */; };
		00DC6BB8203A7A6E002FA5E0 /* AppDelegate.swift in Sources */ = {isa = PBXBuildFile; fileRef = 00DC6BB7203A7A6E002FA5E0 /* AppDelegate.swift */; };
		00DC6BBD203A7A6E002FA5E0 /* Main.storyboard in Resources */ = {isa = PBXBuildFile; fileRef = 00DC6BBB203A7A6E002FA5E0 /* Main.storyboard */; };
		00DC6BBF203A7A6E002FA5E0 /* Assets.xcassets in Resources */ = {isa = PBXBuildFile; fileRef = 00DC6BBE203A7A6E002FA5E0 /* Assets.xcassets */; };
		00DC6BC2203A7A6E002FA5E0 /* LaunchScreen.storyboard in Resources */ = {isa = PBXBuildFile; fileRef = 00DC6BC0203A7A6E002FA5E0 /* LaunchScreen.storyboard */; };
		00DC6BCA203A8836002FA5E0 /* Billabong.ttf in Resources */ = {isa = PBXBuildFile; fileRef = 00DC6BC9203A8829002FA5E0 /* Billabong.ttf */; };
		00DC6BCB203A8869002FA5E0 /* Info.plist in Resources */ = {isa = PBXBuildFile; fileRef = 00DC6BC3203A7A6E002FA5E0 /* Info.plist */; };
		00DC6BCD203AAD8C002FA5E0 /* SignUpViewController.swift in Sources */ = {isa = PBXBuildFile; fileRef = 00DC6BCC203AAD8C002FA5E0 /* SignUpViewController.swift */; };
		00DC6BCF203AB389002FA5E0 /* VCExtensions.swift in Sources */ = {isa = PBXBuildFile; fileRef = 00DC6BCE203AB389002FA5E0 /* VCExtensions.swift */; };
		4EB18D0D203BB3870017846D /* HomeTableViewCell.swift in Sources */ = {isa = PBXBuildFile; fileRef = 4EB18D0B203BB3870017846D /* HomeTableViewCell.swift */; };
		4EB18D0E203BB3870017846D /* HomeTableViewCell.xib in Resources */ = {isa = PBXBuildFile; fileRef = 4EB18D0C203BB3870017846D /* HomeTableViewCell.xib */; };
		4EF609B1203A7C2500E528EC /* GoogleService-Info.plist in Resources */ = {isa = PBXBuildFile; fileRef = 4EF609B0203A7C2500E528EC /* GoogleService-Info.plist */; };
		4EF609B3203A83C100E528EC /* DetailsStoryboard.storyboard in Resources */ = {isa = PBXBuildFile; fileRef = 4EF609B2203A83C100E528EC /* DetailsStoryboard.storyboard */; };
		4EF609B5203A8D4C00E528EC /* HomeViewController.swift in Sources */ = {isa = PBXBuildFile; fileRef = 4EF609B4203A8D4C00E528EC /* HomeViewController.swift */; };
		4EF609B7203A8D5A00E528EC /* SearchViewController.swift in Sources */ = {isa = PBXBuildFile; fileRef = 4EF609B6203A8D5A00E528EC /* SearchViewController.swift */; };
		4EF609B9203A8D7500E528EC /* GalleryViewController.swift in Sources */ = {isa = PBXBuildFile; fileRef = 4EF609B8203A8D7500E528EC /* GalleryViewController.swift */; };
		4EF609BB203A8D9200E528EC /* ProfileViewController.swift in Sources */ = {isa = PBXBuildFile; fileRef = 4EF609BA203A8D9200E528EC /* ProfileViewController.swift */; };
		4EF609BD203A8DB500E528EC /* FavouritesViewController.swift in Sources */ = {isa = PBXBuildFile; fileRef = 4EF609BC203A8DB500E528EC /* FavouritesViewController.swift */; };
		A0A4EC7B26C15FDC48A9C45C /* Pods_Instagram.framework in Frameworks */ = {isa = PBXBuildFile; fileRef = 3182F9721CF80C6D341B1F59 /* Pods_Instagram.framework */; };
/* End PBXBuildFile section */

/* Begin PBXFileReference section */
		002AF569203BC67E00F8FC86 /* SearchBarViewController.swift */ = {isa = PBXFileReference; lastKnownFileType = sourcecode.swift; path = SearchBarViewController.swift; sourceTree = "<group>"; };
		002AF56B203BC99600F8FC86 /* PictureCollectionViewCell.swift */ = {isa = PBXFileReference; lastKnownFileType = sourcecode.swift; path = PictureCollectionViewCell.swift; sourceTree = "<group>"; };
		002AF56D203BCE1500F8FC86 /* Image.swift */ = {isa = PBXFileReference; lastKnownFileType = sourcecode.swift; path = Image.swift; sourceTree = "<group>"; };
		002AF56F203BFB8800F8FC86 /* SearchTableViewCell.swift */ = {isa = PBXFileReference; lastKnownFileType = sourcecode.swift; path = SearchTableViewCell.swift; sourceTree = "<group>"; };
		002AF571203C00F500F8FC86 /* User.swift */ = {isa = PBXFileReference; lastKnownFileType = sourcecode.swift; path = User.swift; sourceTree = "<group>"; };
		00DC6BB4203A7A6E002FA5E0 /* Instagram.app */ = {isa = PBXFileReference; explicitFileType = wrapper.application; includeInIndex = 0; path = Instagram.app; sourceTree = BUILT_PRODUCTS_DIR; };
		00DC6BB7203A7A6E002FA5E0 /* AppDelegate.swift */ = {isa = PBXFileReference; lastKnownFileType = sourcecode.swift; path = AppDelegate.swift; sourceTree = "<group>"; };
		00DC6BB9203A7A6E002FA5E0 /* LoginViewController.swift */ = {isa = PBXFileReference; lastKnownFileType = sourcecode.swift; path = LoginViewController.swift; sourceTree = "<group>"; };
		00DC6BBC203A7A6E002FA5E0 /* Base */ = {isa = PBXFileReference; lastKnownFileType = file.storyboard; name = Base; path = Base.lproj/Main.storyboard; sourceTree = "<group>"; };
		00DC6BBE203A7A6E002FA5E0 /* Assets.xcassets */ = {isa = PBXFileReference; lastKnownFileType = folder.assetcatalog; path = Assets.xcassets; sourceTree = "<group>"; };
		00DC6BC1203A7A6E002FA5E0 /* Base */ = {isa = PBXFileReference; lastKnownFileType = file.storyboard; name = Base; path = Base.lproj/LaunchScreen.storyboard; sourceTree = "<group>"; };
		00DC6BC3203A7A6E002FA5E0 /* Info.plist */ = {isa = PBXFileReference; lastKnownFileType = text.plist.xml; path = Info.plist; sourceTree = "<group>"; };
		00DC6BC9203A8829002FA5E0 /* Billabong.ttf */ = {isa = PBXFileReference; lastKnownFileType = file; path = Billabong.ttf; sourceTree = "<group>"; };
		00DC6BCC203AAD8C002FA5E0 /* SignUpViewController.swift */ = {isa = PBXFileReference; lastKnownFileType = sourcecode.swift; path = SignUpViewController.swift; sourceTree = "<group>"; };
		00DC6BCE203AB389002FA5E0 /* VCExtensions.swift */ = {isa = PBXFileReference; lastKnownFileType = sourcecode.swift; path = VCExtensions.swift; sourceTree = "<group>"; };
		3182F9721CF80C6D341B1F59 /* Pods_Instagram.framework */ = {isa = PBXFileReference; explicitFileType = wrapper.framework; includeInIndex = 0; path = Pods_Instagram.framework; sourceTree = BUILT_PRODUCTS_DIR; };
		4EB18D0B203BB3870017846D /* HomeTableViewCell.swift */ = {isa = PBXFileReference; lastKnownFileType = sourcecode.swift; path = HomeTableViewCell.swift; sourceTree = "<group>"; };
		4EB18D0C203BB3870017846D /* HomeTableViewCell.xib */ = {isa = PBXFileReference; lastKnownFileType = file.xib; path = HomeTableViewCell.xib; sourceTree = "<group>"; };
		4EF609B0203A7C2500E528EC /* GoogleService-Info.plist */ = {isa = PBXFileReference; fileEncoding = 4; lastKnownFileType = text.plist.xml; path = "GoogleService-Info.plist"; sourceTree = "<group>"; };
		4EF609B2203A83C100E528EC /* DetailsStoryboard.storyboard */ = {isa = PBXFileReference; lastKnownFileType = file.storyboard; path = DetailsStoryboard.storyboard; sourceTree = "<group>"; };
		4EF609B4203A8D4C00E528EC /* HomeViewController.swift */ = {isa = PBXFileReference; lastKnownFileType = sourcecode.swift; path = HomeViewController.swift; sourceTree = "<group>"; };
		4EF609B6203A8D5A00E528EC /* SearchViewController.swift */ = {isa = PBXFileReference; lastKnownFileType = sourcecode.swift; path = SearchViewController.swift; sourceTree = "<group>"; };
		4EF609B8203A8D7500E528EC /* GalleryViewController.swift */ = {isa = PBXFileReference; lastKnownFileType = sourcecode.swift; path = GalleryViewController.swift; sourceTree = "<group>"; };
		4EF609BA203A8D9200E528EC /* ProfileViewController.swift */ = {isa = PBXFileReference; lastKnownFileType = sourcecode.swift; path = ProfileViewController.swift; sourceTree = "<group>"; };
		4EF609BC203A8DB500E528EC /* FavouritesViewController.swift */ = {isa = PBXFileReference; lastKnownFileType = sourcecode.swift; path = FavouritesViewController.swift; sourceTree = "<group>"; };
		92A144440E2FB7C504DAEC23 /* Pods-Instagram.debug.xcconfig */ = {isa = PBXFileReference; includeInIndex = 1; lastKnownFileType = text.xcconfig; name = "Pods-Instagram.debug.xcconfig"; path = "Pods/Target Support Files/Pods-Instagram/Pods-Instagram.debug.xcconfig"; sourceTree = "<group>"; };
		F74DE6C2E68D40ADAA9BDCF2 /* Pods-Instagram.release.xcconfig */ = {isa = PBXFileReference; includeInIndex = 1; lastKnownFileType = text.xcconfig; name = "Pods-Instagram.release.xcconfig"; path = "Pods/Target Support Files/Pods-Instagram/Pods-Instagram.release.xcconfig"; sourceTree = "<group>"; };
/* End PBXFileReference section */

/* Begin PBXFrameworksBuildPhase section */
		00DC6BB1203A7A6E002FA5E0 /* Frameworks */ = {
			isa = PBXFrameworksBuildPhase;
			buildActionMask = 2147483647;
			files = (
				A0A4EC7B26C15FDC48A9C45C /* Pods_Instagram.framework in Frameworks */,
			);
			runOnlyForDeploymentPostprocessing = 0;
		};
/* End PBXFrameworksBuildPhase section */

/* Begin PBXGroup section */
		00DC6BAB203A7A6E002FA5E0 = {
			isa = PBXGroup;
			children = (
				00DC6BB6203A7A6E002FA5E0 /* Instagram */,
				00DC6BB5203A7A6E002FA5E0 /* Products */,
				07A18F0A66CECCC2A0BDE7F4 /* Pods */,
				212174AE251E26E2DE57EFD4 /* Frameworks */,
			);
			sourceTree = "<group>";
		};
		00DC6BB5203A7A6E002FA5E0 /* Products */ = {
			isa = PBXGroup;
			children = (
				00DC6BB4203A7A6E002FA5E0 /* Instagram.app */,
			);
			name = Products;
			sourceTree = "<group>";
		};
		00DC6BB6203A7A6E002FA5E0 /* Instagram */ = {
			isa = PBXGroup;
			children = (
				00DC6BB7203A7A6E002FA5E0 /* AppDelegate.swift */,
				00DC6BB9203A7A6E002FA5E0 /* LoginViewController.swift */,
				00DC6BCE203AB389002FA5E0 /* VCExtensions.swift */,
				00DC6BBB203A7A6E002FA5E0 /* Main.storyboard */,
				4EF609B2203A83C100E528EC /* DetailsStoryboard.storyboard */,
				002AF56F203BFB8800F8FC86 /* SearchTableViewCell.swift */,
				002AF56B203BC99600F8FC86 /* PictureCollectionViewCell.swift */,
				002AF569203BC67E00F8FC86 /* SearchBarViewController.swift */,
				4EF609B6203A8D5A00E528EC /* SearchViewController.swift */,
				002AF571203C00F500F8FC86 /* User.swift */,
				002AF56D203BCE1500F8FC86 /* Image.swift */,
				4EF609B4203A8D4C00E528EC /* HomeViewController.swift */,
				4EB18D0B203BB3870017846D /* HomeTableViewCell.swift */,
				4EB18D0C203BB3870017846D /* HomeTableViewCell.xib */,
				4EF609B8203A8D7500E528EC /* GalleryViewController.swift */,
				4EF609BC203A8DB500E528EC /* FavouritesViewController.swift */,
				4EF609BA203A8D9200E528EC /* ProfileViewController.swift */,
				00DC6BCC203AAD8C002FA5E0 /* SignUpViewController.swift */,
				00DC6BBE203A7A6E002FA5E0 /* Assets.xcassets */,
				00DC6BC0203A7A6E002FA5E0 /* LaunchScreen.storyboard */,
				00DC6BC3203A7A6E002FA5E0 /* Info.plist */,
				4EF609B0203A7C2500E528EC /* GoogleService-Info.plist */,
				00DC6BC9203A8829002FA5E0 /* Billabong.ttf */,
			);
			path = Instagram;
			sourceTree = "<group>";
		};
		07A18F0A66CECCC2A0BDE7F4 /* Pods */ = {
			isa = PBXGroup;
			children = (
				92A144440E2FB7C504DAEC23 /* Pods-Instagram.debug.xcconfig */,
				F74DE6C2E68D40ADAA9BDCF2 /* Pods-Instagram.release.xcconfig */,
			);
			name = Pods;
			sourceTree = "<group>";
		};
		212174AE251E26E2DE57EFD4 /* Frameworks */ = {
			isa = PBXGroup;
			children = (
				3182F9721CF80C6D341B1F59 /* Pods_Instagram.framework */,
			);
			name = Frameworks;
			sourceTree = "<group>";
		};
/* End PBXGroup section */

/* Begin PBXNativeTarget section */
		00DC6BB3203A7A6E002FA5E0 /* Instagram */ = {
			isa = PBXNativeTarget;
			buildConfigurationList = 00DC6BC6203A7A6E002FA5E0 /* Build configuration list for PBXNativeTarget "Instagram" */;
			buildPhases = (
				3EE5A0F7139EC22D5B46FD96 /* [CP] Check Pods Manifest.lock */,
				00DC6BB0203A7A6E002FA5E0 /* Sources */,
				00DC6BB1203A7A6E002FA5E0 /* Frameworks */,
				00DC6BB2203A7A6E002FA5E0 /* Resources */,
				BFA56DB9F0EB70F6FB777275 /* [CP] Embed Pods Frameworks */,
				6FF63E9E577E4D90EE060A52 /* [CP] Copy Pods Resources */,
			);
			buildRules = (
			);
			dependencies = (
			);
			name = Instagram;
			productName = Instagram;
			productReference = 00DC6BB4203A7A6E002FA5E0 /* Instagram.app */;
			productType = "com.apple.product-type.application";
		};
/* End PBXNativeTarget section */

/* Begin PBXProject section */
		00DC6BAC203A7A6E002FA5E0 /* Project object */ = {
			isa = PBXProject;
			attributes = {
				LastSwiftUpdateCheck = 0920;
				LastUpgradeCheck = 0920;
				ORGANIZATIONNAME = "Terence Chua";
				TargetAttributes = {
					00DC6BB3203A7A6E002FA5E0 = {
						CreatedOnToolsVersion = 9.2;
						ProvisioningStyle = Automatic;
					};
				};
			};
			buildConfigurationList = 00DC6BAF203A7A6E002FA5E0 /* Build configuration list for PBXProject "Instagram" */;
			compatibilityVersion = "Xcode 8.0";
			developmentRegion = en;
			hasScannedForEncodings = 0;
			knownRegions = (
				en,
				Base,
			);
			mainGroup = 00DC6BAB203A7A6E002FA5E0;
			productRefGroup = 00DC6BB5203A7A6E002FA5E0 /* Products */;
			projectDirPath = "";
			projectRoot = "";
			targets = (
				00DC6BB3203A7A6E002FA5E0 /* Instagram */,
			);
		};
/* End PBXProject section */

/* Begin PBXResourcesBuildPhase section */
		00DC6BB2203A7A6E002FA5E0 /* Resources */ = {
			isa = PBXResourcesBuildPhase;
			buildActionMask = 2147483647;
			files = (
				00DC6BC2203A7A6E002FA5E0 /* LaunchScreen.storyboard in Resources */,
				4EF609B3203A83C100E528EC /* DetailsStoryboard.storyboard in Resources */,
				00DC6BBF203A7A6E002FA5E0 /* Assets.xcassets in Resources */,
				00DC6BCB203A8869002FA5E0 /* Info.plist in Resources */,
				4EB18D0E203BB3870017846D /* HomeTableViewCell.xib in Resources */,
				00DC6BBD203A7A6E002FA5E0 /* Main.storyboard in Resources */,
				00DC6BCA203A8836002FA5E0 /* Billabong.ttf in Resources */,
				4EF609B1203A7C2500E528EC /* GoogleService-Info.plist in Resources */,
			);
			runOnlyForDeploymentPostprocessing = 0;
		};
/* End PBXResourcesBuildPhase section */

/* Begin PBXShellScriptBuildPhase section */
		3EE5A0F7139EC22D5B46FD96 /* [CP] Check Pods Manifest.lock */ = {
			isa = PBXShellScriptBuildPhase;
			buildActionMask = 2147483647;
			files = (
			);
			inputPaths = (
				"${PODS_PODFILE_DIR_PATH}/Podfile.lock",
				"${PODS_ROOT}/Manifest.lock",
			);
			name = "[CP] Check Pods Manifest.lock";
			outputPaths = (
				"$(DERIVED_FILE_DIR)/Pods-Instagram-checkManifestLockResult.txt",
			);
			runOnlyForDeploymentPostprocessing = 0;
			shellPath = /bin/sh;
			shellScript = "diff \"${PODS_PODFILE_DIR_PATH}/Podfile.lock\" \"${PODS_ROOT}/Manifest.lock\" > /dev/null\nif [ $? != 0 ] ; then\n    # print error to STDERR\n    echo \"error: The sandbox is not in sync with the Podfile.lock. Run 'pod install' or update your CocoaPods installation.\" >&2\n    exit 1\nfi\n# This output is used by Xcode 'outputs' to avoid re-running this script phase.\necho \"SUCCESS\" > \"${SCRIPT_OUTPUT_FILE_0}\"\n";
			showEnvVarsInLog = 0;
		};
		6FF63E9E577E4D90EE060A52 /* [CP] Copy Pods Resources */ = {
			isa = PBXShellScriptBuildPhase;
			buildActionMask = 2147483647;
			files = (
			);
			inputPaths = (
			);
			name = "[CP] Copy Pods Resources";
			outputPaths = (
			);
			runOnlyForDeploymentPostprocessing = 0;
			shellPath = /bin/sh;
			shellScript = "\"${SRCROOT}/Pods/Target Support Files/Pods-Instagram/Pods-Instagram-resources.sh\"\n";
			showEnvVarsInLog = 0;
		};
		BFA56DB9F0EB70F6FB777275 /* [CP] Embed Pods Frameworks */ = {
			isa = PBXShellScriptBuildPhase;
			buildActionMask = 2147483647;
			files = (
			);
			inputPaths = (
				"${SRCROOT}/Pods/Target Support Files/Pods-Instagram/Pods-Instagram-frameworks.sh",
				"${BUILT_PRODUCTS_DIR}/Bolts/Bolts.framework",
				"${BUILT_PRODUCTS_DIR}/FBSDKCoreKit/FBSDKCoreKit.framework",
				"${BUILT_PRODUCTS_DIR}/FBSDKLoginKit/FBSDKLoginKit.framework",
				"${BUILT_PRODUCTS_DIR}/GTMSessionFetcher/GTMSessionFetcher.framework",
				"${BUILT_PRODUCTS_DIR}/GoogleToolboxForMac/GoogleToolboxForMac.framework",
				"${BUILT_PRODUCTS_DIR}/Pastel/Pastel.framework",
				"${BUILT_PRODUCTS_DIR}/leveldb-library/leveldb.framework",
				"${BUILT_PRODUCTS_DIR}/nanopb/nanopb.framework",
			);
			name = "[CP] Embed Pods Frameworks";
			outputPaths = (
				"${TARGET_BUILD_DIR}/${FRAMEWORKS_FOLDER_PATH}/Bolts.framework",
				"${TARGET_BUILD_DIR}/${FRAMEWORKS_FOLDER_PATH}/FBSDKCoreKit.framework",
				"${TARGET_BUILD_DIR}/${FRAMEWORKS_FOLDER_PATH}/FBSDKLoginKit.framework",
				"${TARGET_BUILD_DIR}/${FRAMEWORKS_FOLDER_PATH}/GTMSessionFetcher.framework",
				"${TARGET_BUILD_DIR}/${FRAMEWORKS_FOLDER_PATH}/GoogleToolboxForMac.framework",
				"${TARGET_BUILD_DIR}/${FRAMEWORKS_FOLDER_PATH}/Pastel.framework",
				"${TARGET_BUILD_DIR}/${FRAMEWORKS_FOLDER_PATH}/leveldb.framework",
				"${TARGET_BUILD_DIR}/${FRAMEWORKS_FOLDER_PATH}/nanopb.framework",
			);
			runOnlyForDeploymentPostprocessing = 0;
			shellPath = /bin/sh;
			shellScript = "\"${SRCROOT}/Pods/Target Support Files/Pods-Instagram/Pods-Instagram-frameworks.sh\"\n";
			showEnvVarsInLog = 0;
		};
/* End PBXShellScriptBuildPhase section */

/* Begin PBXSourcesBuildPhase section */
		00DC6BB0203A7A6E002FA5E0 /* Sources */ = {
			isa = PBXSourcesBuildPhase;
			buildActionMask = 2147483647;
			files = (
				000CEDD7203ACB3E00076471 /* LoginViewController.swift in Sources */,
				002AF56A203BC67E00F8FC86 /* SearchBarViewController.swift in Sources */,
				4EF609BB203A8D9200E528EC /* ProfileViewController.swift in Sources */,
				00DC6BCD203AAD8C002FA5E0 /* SignUpViewController.swift in Sources */,
				00DC6BCF203AB389002FA5E0 /* VCExtensions.swift in Sources */,
				00DC6BB8203A7A6E002FA5E0 /* AppDelegate.swift in Sources */,
				002AF56E203BCE1500F8FC86 /* Image.swift in Sources */,
				4EB18D0D203BB3870017846D /* HomeTableViewCell.swift in Sources */,
				002AF572203C00F500F8FC86 /* User.swift in Sources */,
				4EF609B9203A8D7500E528EC /* GalleryViewController.swift in Sources */,
				4EF609B7203A8D5A00E528EC /* SearchViewController.swift in Sources */,
				002AF56C203BC99600F8FC86 /* PictureCollectionViewCell.swift in Sources */,
				4EF609BD203A8DB500E528EC /* FavouritesViewController.swift in Sources */,
				4EF609B5203A8D4C00E528EC /* HomeViewController.swift in Sources */,
				002AF570203BFB8800F8FC86 /* SearchTableViewCell.swift in Sources */,
			);
			runOnlyForDeploymentPostprocessing = 0;
		};
/* End PBXSourcesBuildPhase section */

/* Begin PBXVariantGroup section */
		00DC6BBB203A7A6E002FA5E0 /* Main.storyboard */ = {
			isa = PBXVariantGroup;
			children = (
				00DC6BBC203A7A6E002FA5E0 /* Base */,
			);
			name = Main.storyboard;
			sourceTree = "<group>";
		};
		00DC6BC0203A7A6E002FA5E0 /* LaunchScreen.storyboard */ = {
			isa = PBXVariantGroup;
			children = (
				00DC6BC1203A7A6E002FA5E0 /* Base */,
			);
			name = LaunchScreen.storyboard;
			sourceTree = "<group>";
		};
/* End PBXVariantGroup section */

/* Begin XCBuildConfiguration section */
		00DC6BC4203A7A6E002FA5E0 /* Debug */ = {
			isa = XCBuildConfiguration;
			buildSettings = {
				ALWAYS_SEARCH_USER_PATHS = NO;
				CLANG_ANALYZER_NONNULL = YES;
				CLANG_ANALYZER_NUMBER_OBJECT_CONVERSION = YES_AGGRESSIVE;
				CLANG_CXX_LANGUAGE_STANDARD = "gnu++14";
				CLANG_CXX_LIBRARY = "libc++";
				CLANG_ENABLE_MODULES = YES;
				CLANG_ENABLE_OBJC_ARC = YES;
				CLANG_WARN_BLOCK_CAPTURE_AUTORELEASING = YES;
				CLANG_WARN_BOOL_CONVERSION = YES;
				CLANG_WARN_COMMA = YES;
				CLANG_WARN_CONSTANT_CONVERSION = YES;
				CLANG_WARN_DIRECT_OBJC_ISA_USAGE = YES_ERROR;
				CLANG_WARN_DOCUMENTATION_COMMENTS = YES;
				CLANG_WARN_EMPTY_BODY = YES;
				CLANG_WARN_ENUM_CONVERSION = YES;
				CLANG_WARN_INFINITE_RECURSION = YES;
				CLANG_WARN_INT_CONVERSION = YES;
				CLANG_WARN_NON_LITERAL_NULL_CONVERSION = YES;
				CLANG_WARN_OBJC_LITERAL_CONVERSION = YES;
				CLANG_WARN_OBJC_ROOT_CLASS = YES_ERROR;
				CLANG_WARN_RANGE_LOOP_ANALYSIS = YES;
				CLANG_WARN_STRICT_PROTOTYPES = YES;
				CLANG_WARN_SUSPICIOUS_MOVE = YES;
				CLANG_WARN_UNGUARDED_AVAILABILITY = YES_AGGRESSIVE;
				CLANG_WARN_UNREACHABLE_CODE = YES;
				CLANG_WARN__DUPLICATE_METHOD_MATCH = YES;
				CODE_SIGN_IDENTITY = "iPhone Developer";
				COPY_PHASE_STRIP = NO;
				DEBUG_INFORMATION_FORMAT = dwarf;
				ENABLE_STRICT_OBJC_MSGSEND = YES;
				ENABLE_TESTABILITY = YES;
				GCC_C_LANGUAGE_STANDARD = gnu11;
				GCC_DYNAMIC_NO_PIC = NO;
				GCC_NO_COMMON_BLOCKS = YES;
				GCC_OPTIMIZATION_LEVEL = 0;
				GCC_PREPROCESSOR_DEFINITIONS = (
					"DEBUG=1",
					"$(inherited)",
				);
				GCC_WARN_64_TO_32_BIT_CONVERSION = YES;
				GCC_WARN_ABOUT_RETURN_TYPE = YES_ERROR;
				GCC_WARN_UNDECLARED_SELECTOR = YES;
				GCC_WARN_UNINITIALIZED_AUTOS = YES_AGGRESSIVE;
				GCC_WARN_UNUSED_FUNCTION = YES;
				GCC_WARN_UNUSED_VARIABLE = YES;
				IPHONEOS_DEPLOYMENT_TARGET = 11.2;
				MTL_ENABLE_DEBUG_INFO = YES;
				ONLY_ACTIVE_ARCH = YES;
				SDKROOT = iphoneos;
				SWIFT_ACTIVE_COMPILATION_CONDITIONS = DEBUG;
				SWIFT_OPTIMIZATION_LEVEL = "-Onone";
			};
			name = Debug;
		};
		00DC6BC5203A7A6E002FA5E0 /* Release */ = {
			isa = XCBuildConfiguration;
			buildSettings = {
				ALWAYS_SEARCH_USER_PATHS = NO;
				CLANG_ANALYZER_NONNULL = YES;
				CLANG_ANALYZER_NUMBER_OBJECT_CONVERSION = YES_AGGRESSIVE;
				CLANG_CXX_LANGUAGE_STANDARD = "gnu++14";
				CLANG_CXX_LIBRARY = "libc++";
				CLANG_ENABLE_MODULES = YES;
				CLANG_ENABLE_OBJC_ARC = YES;
				CLANG_WARN_BLOCK_CAPTURE_AUTORELEASING = YES;
				CLANG_WARN_BOOL_CONVERSION = YES;
				CLANG_WARN_COMMA = YES;
				CLANG_WARN_CONSTANT_CONVERSION = YES;
				CLANG_WARN_DIRECT_OBJC_ISA_USAGE = YES_ERROR;
				CLANG_WARN_DOCUMENTATION_COMMENTS = YES;
				CLANG_WARN_EMPTY_BODY = YES;
				CLANG_WARN_ENUM_CONVERSION = YES;
				CLANG_WARN_INFINITE_RECURSION = YES;
				CLANG_WARN_INT_CONVERSION = YES;
				CLANG_WARN_NON_LITERAL_NULL_CONVERSION = YES;
				CLANG_WARN_OBJC_LITERAL_CONVERSION = YES;
				CLANG_WARN_OBJC_ROOT_CLASS = YES_ERROR;
				CLANG_WARN_RANGE_LOOP_ANALYSIS = YES;
				CLANG_WARN_STRICT_PROTOTYPES = YES;
				CLANG_WARN_SUSPICIOUS_MOVE = YES;
				CLANG_WARN_UNGUARDED_AVAILABILITY = YES_AGGRESSIVE;
				CLANG_WARN_UNREACHABLE_CODE = YES;
				CLANG_WARN__DUPLICATE_METHOD_MATCH = YES;
				CODE_SIGN_IDENTITY = "iPhone Developer";
				COPY_PHASE_STRIP = NO;
				DEBUG_INFORMATION_FORMAT = "dwarf-with-dsym";
				ENABLE_NS_ASSERTIONS = NO;
				ENABLE_STRICT_OBJC_MSGSEND = YES;
				GCC_C_LANGUAGE_STANDARD = gnu11;
				GCC_NO_COMMON_BLOCKS = YES;
				GCC_WARN_64_TO_32_BIT_CONVERSION = YES;
				GCC_WARN_ABOUT_RETURN_TYPE = YES_ERROR;
				GCC_WARN_UNDECLARED_SELECTOR = YES;
				GCC_WARN_UNINITIALIZED_AUTOS = YES_AGGRESSIVE;
				GCC_WARN_UNUSED_FUNCTION = YES;
				GCC_WARN_UNUSED_VARIABLE = YES;
				IPHONEOS_DEPLOYMENT_TARGET = 11.2;
				MTL_ENABLE_DEBUG_INFO = NO;
				SDKROOT = iphoneos;
				SWIFT_OPTIMIZATION_LEVEL = "-Owholemodule";
				VALIDATE_PRODUCT = YES;
			};
			name = Release;
		};
		00DC6BC7203A7A6E002FA5E0 /* Debug */ = {
			isa = XCBuildConfiguration;
			baseConfigurationReference = 92A144440E2FB7C504DAEC23 /* Pods-Instagram.debug.xcconfig */;
			buildSettings = {
				ASSETCATALOG_COMPILER_APPICON_NAME = AppIcon;
				CODE_SIGN_STYLE = Automatic;
				INFOPLIST_FILE = Instagram/Info.plist;
				LD_RUNPATH_SEARCH_PATHS = "$(inherited) @executable_path/Frameworks";
				PRODUCT_BUNDLE_IDENTIFIER = com.example.Instagram;
				PRODUCT_NAME = "$(TARGET_NAME)";
				SWIFT_VERSION = 4.0;
				TARGETED_DEVICE_FAMILY = "1,2";
			};
			name = Debug;
		};
		00DC6BC8203A7A6E002FA5E0 /* Release */ = {
			isa = XCBuildConfiguration;
			baseConfigurationReference = F74DE6C2E68D40ADAA9BDCF2 /* Pods-Instagram.release.xcconfig */;
			buildSettings = {
				ASSETCATALOG_COMPILER_APPICON_NAME = AppIcon;
				CODE_SIGN_STYLE = Automatic;
				INFOPLIST_FILE = Instagram/Info.plist;
				LD_RUNPATH_SEARCH_PATHS = "$(inherited) @executable_path/Frameworks";
				PRODUCT_BUNDLE_IDENTIFIER = com.example.Instagram;
				PRODUCT_NAME = "$(TARGET_NAME)";
				SWIFT_VERSION = 4.0;
				TARGETED_DEVICE_FAMILY = "1,2";
			};
			name = Release;
		};
/* End XCBuildConfiguration section */

/* Begin XCConfigurationList section */
		00DC6BAF203A7A6E002FA5E0 /* Build configuration list for PBXProject "Instagram" */ = {
			isa = XCConfigurationList;
			buildConfigurations = (
				00DC6BC4203A7A6E002FA5E0 /* Debug */,
				00DC6BC5203A7A6E002FA5E0 /* Release */,
			);
			defaultConfigurationIsVisible = 0;
			defaultConfigurationName = Release;
		};
		00DC6BC6203A7A6E002FA5E0 /* Build configuration list for PBXNativeTarget "Instagram" */ = {
			isa = XCConfigurationList;
			buildConfigurations = (
				00DC6BC7203A7A6E002FA5E0 /* Debug */,
				00DC6BC8203A7A6E002FA5E0 /* Release */,
			);
			defaultConfigurationIsVisible = 0;
			defaultConfigurationName = Release;
		};
/* End XCConfigurationList section */
	};
	rootObject = 00DC6BAC203A7A6E002FA5E0 /* Project object */;
}
